
Microsoft Visual Studio Solution File, Format Version 12.00
# Visual Studio 15
VisualStudioVersion = 15.0.26730.12
MinimumVisualStudioVersion = 10.0.40219.1
Project("{FAE04EC0-301F-11D3-BF4B-00C04F79EFBC}") = "CosmosRIF", "CosmosRIF\CosmosRIF.csproj", "{A4A19FCD-896C-4BFE-A436-FB582FD69B4C}"
EndProject
Project("{471EC4BB-E47E-4229-A789-D1F5F83B52D4}") = "CosmosRIFBoot", "CosmosRIF\CosmosRIFBoot.Cosmos", "{76E194CE-1C1F-4D40-92CE-2047D29313B3}"
EndProject
Global
	GlobalSection(SolutionConfigurationPlatforms) = preSolution
		Debug|Any CPU = Debug|Any CPU
		Release|Any CPU = Release|Any CPU
	EndGlobalSection
	GlobalSection(ProjectConfigurationPlatforms) = postSolution
		{A4A19FCD-896C-4BFE-A436-FB582FD69B4C}.Debug|Any CPU.ActiveCfg = Debug|Any CPU
		{A4A19FCD-896C-4BFE-A436-FB582FD69B4C}.Debug|Any CPU.Build.0 = Debug|Any CPU
		{A4A19FCD-896C-4BFE-A436-FB582FD69B4C}.Release|Any CPU.ActiveCfg = Release|Any CPU
		{A4A19FCD-896C-4BFE-A436-FB582FD69B4C}.Release|Any CPU.Build.0 = Release|Any CPU
		{76E194CE-1C1F-4D40-92CE-2047D29313B3}.Debug|Any CPU.ActiveCfg = Debug|Any CPU
		{76E194CE-1C1F-4D40-92CE-2047D29313B3}.Debug|Any CPU.Build.0 = Debug|Any CPU
		{76E194CE-1C1F-4D40-92CE-2047D29313B3}.Release|Any CPU.ActiveCfg = Release|Any CPU
		{76E194CE-1C1F-4D40-92CE-2047D29313B3}.Release|Any CPU.Build.0 = Release|Any CPU
	EndGlobalSection
	GlobalSection(SolutionProperties) = preSolution
		HideSolutionNode = FALSE
	EndGlobalSection
	GlobalSection(ExtensibilityGlobals) = postSolution
		SolutionGuid = {A72E12C4-6373-4973-BB1A-D3282CE3008C}
	EndGlobalSection
EndGlobal
